
Microsoft Visual Studio Solution File, Format Version 12.00
# Visual Studio Version 17
VisualStudioVersion = 17.0.32126.317
MinimumVisualStudioVersion = 10.0.40219.1
Project("{9A19103F-16F7-4668-BE54-9A1E7A4F7556}") = "ProjectHorizon.WebAPI", "ProjectHorizon.WebAPI\ProjectHorizon.WebAPI.csproj", "{C30DB68B-709D-4974-86C0-EA0F69F0F13F}"
EndProject
Project("{9A19103F-16F7-4668-BE54-9A1E7A4F7556}") = "ProjectHorizon.ApplicationCore", "ProjectHorizon.ApplicationCore\ProjectHorizon.ApplicationCore.csproj", "{989C20D3-D367-486C-9D95-21F53503BE81}"
EndProject
Project("{9A19103F-16F7-4668-BE54-9A1E7A4F7556}") = "ProjectHorizon.Infrastructure", "ProjectHorizon.Infrastructure\ProjectHorizon.Infrastructure.csproj", "{051AC58C-FFE1-4005-AC60-AA34F4BD90FE}"
EndProject
Project("{9A19103F-16F7-4668-BE54-9A1E7A4F7556}") = "ProjectHorizon.UnitTests", "ProjectHorizon.UnitTests\ProjectHorizon.UnitTests.csproj", "{284584D1-1A15-4D56-88B4-FDAFCD2A9AE7}"
EndProject
Project("{9A19103F-16F7-4668-BE54-9A1E7A4F7556}") = "ProjectHorizon.IntuneAppBuilder", "ProjectHorizon.IntuneAppBuilder\ProjectHorizon.IntuneAppBuilder.csproj", "{67AEC0F3-8CD4-4696-9B69-473EB6C9911E}"
EndProject
Project("{9A19103F-16F7-4668-BE54-9A1E7A4F7556}") = "ProjectHorizon.IntegrationTests", "ProjectHorizon.IntegrationTests\ProjectHorizon.IntegrationTests.csproj", "{49367FD2-7FC1-45E5-8291-087ABB9289C2}"
EndProject
Project("{9A19103F-16F7-4668-BE54-9A1E7A4F7556}") = "ProjectHorizon.TestingSetup", "ProjectHorizon.TestingSetup\ProjectHorizon.TestingSetup.csproj", "{1CE7B816-0E26-428B-8460-4FD11D3D7EE9}"
EndProject
Project("{2150E333-8FDC-42A3-9474-1A3956D46DE8}") = "Solution Items", "Solution Items", "{73E80FF5-4210-4BD0-B574-43C9F52024F6}"
	ProjectSection(SolutionItems) = preProject
		.editorconfig = .editorconfig
	EndProjectSection
EndProject
Global
	GlobalSection(SolutionConfigurationPlatforms) = preSolution
		Debug|Any CPU = Debug|Any CPU
		Release|Any CPU = Release|Any CPU
	EndGlobalSection
	GlobalSection(ProjectConfigurationPlatforms) = postSolution
		{C30DB68B-709D-4974-86C0-EA0F69F0F13F}.Debug|Any CPU.ActiveCfg = Debug|Any CPU
		{C30DB68B-709D-4974-86C0-EA0F69F0F13F}.Debug|Any CPU.Build.0 = Debug|Any CPU
		{C30DB68B-709D-4974-86C0-EA0F69F0F13F}.Release|Any CPU.ActiveCfg = Release|Any CPU
		{C30DB68B-709D-4974-86C0-EA0F69F0F13F}.Release|Any CPU.Build.0 = Release|Any CPU
		{989C20D3-D367-486C-9D95-21F53503BE81}.Debug|Any CPU.ActiveCfg = Debug|Any CPU
		{989C20D3-D367-486C-9D95-21F53503BE81}.Debug|Any CPU.Build.0 = Debug|Any CPU
		{989C20D3-D367-486C-9D95-21F53503BE81}.Release|Any CPU.ActiveCfg = Release|Any CPU
		{989C20D3-D367-486C-9D95-21F53503BE81}.Release|Any CPU.Build.0 = Release|Any CPU
		{051AC58C-FFE1-4005-AC60-AA34F4BD90FE}.Debug|Any CPU.ActiveCfg = Debug|Any CPU
		{051AC58C-FFE1-4005-AC60-AA34F4BD90FE}.Debug|Any CPU.Build.0 = Debug|Any CPU
		{051AC58C-FFE1-4005-AC60-AA34F4BD90FE}.Release|Any CPU.ActiveCfg = Release|Any CPU
		{051AC58C-FFE1-4005-AC60-AA34F4BD90FE}.Release|Any CPU.Build.0 = Release|Any CPU
		{284584D1-1A15-4D56-88B4-FDAFCD2A9AE7}.Debug|Any CPU.ActiveCfg = Debug|Any CPU
		{284584D1-1A15-4D56-88B4-FDAFCD2A9AE7}.Debug|Any CPU.Build.0 = Debug|Any CPU
		{284584D1-1A15-4D56-88B4-FDAFCD2A9AE7}.Release|Any CPU.ActiveCfg = Release|Any CPU
		{284584D1-1A15-4D56-88B4-FDAFCD2A9AE7}.Release|Any CPU.Build.0 = Release|Any CPU
		{67AEC0F3-8CD4-4696-9B69-473EB6C9911E}.Debug|Any CPU.ActiveCfg = Debug|Any CPU
		{67AEC0F3-8CD4-4696-9B69-473EB6C9911E}.Debug|Any CPU.Build.0 = Debug|Any CPU
		{67AEC0F3-8CD4-4696-9B69-473EB6C9911E}.Release|Any CPU.ActiveCfg = Release|Any CPU
		{67AEC0F3-8CD4-4696-9B69-473EB6C9911E}.Release|Any CPU.Build.0 = Release|Any CPU
		{49367FD2-7FC1-45E5-8291-087ABB9289C2}.Debug|Any CPU.ActiveCfg = Debug|Any CPU
		{49367FD2-7FC1-45E5-8291-087ABB9289C2}.Debug|Any CPU.Build.0 = Debug|Any CPU
		{49367FD2-7FC1-45E5-8291-087ABB9289C2}.Release|Any CPU.ActiveCfg = Release|Any CPU
		{49367FD2-7FC1-45E5-8291-087ABB9289C2}.Release|Any CPU.Build.0 = Release|Any CPU
		{1CE7B816-0E26-428B-8460-4FD11D3D7EE9}.Debug|Any CPU.ActiveCfg = Debug|Any CPU
		{1CE7B816-0E26-428B-8460-4FD11D3D7EE9}.Debug|Any CPU.Build.0 = Debug|Any CPU
		{1CE7B816-0E26-428B-8460-4FD11D3D7EE9}.Release|Any CPU.ActiveCfg = Release|Any CPU
		{1CE7B816-0E26-428B-8460-4FD11D3D7EE9}.Release|Any CPU.Build.0 = Release|Any CPU
	EndGlobalSection
	GlobalSection(SolutionProperties) = preSolution
		HideSolutionNode = FALSE
	EndGlobalSection
	GlobalSection(ExtensibilityGlobals) = postSolution
		SolutionGuid = {D1E1E9F8-9B74-4F38-9553-970E47D47388}
	EndGlobalSection
EndGlobal
